{
    "_meta": {
        "hash": {
            "sha256": "7f277df117b088d1b7ae155df7512a15a17cdcd1d0e4d3c6f56a885dcd22d272"
        },
        "pipfile-spec": 6,
        "requires": {
            "python_version": "3.8"
        },
        "sources": [
            {
                "name": "pypi",
                "url": "https://pypi.org/simple",
                "verify_ssl": true
            }
        ]
    },
    "default": {
        "certifi": {
            "hashes": [
                "sha256:78884e7c1d4b00ce3cea67b44566851c4343c120abd683433ce934a68ea58872",
                "sha256:d62a0163eb4c2344ac042ab2bdf75399a71a2d8c7d47eac2e2ee91b9d6339569"
            ],
            "version": "==2021.10.8"
        },
        "charset-normalizer": {
            "hashes": [
                "sha256:e019de665e2bcf9c2b64e2e5aa025fa991da8720daa3c1138cadd2fd1856aed0",
                "sha256:f7af805c321bfa1ce6714c51f254e0d5bb5e5834039bc17db7ebe3a4cec9492b"
            ],
            "markers": "python_version >= '3'",
            "version": "==2.0.7"
        },
        "click": {
            "hashes": [
                "sha256:353f466495adaeb40b6b5f592f9f91cb22372351c84caeb068132442a4518ef3",
                "sha256:410e932b050f5eed773c4cda94de75971c89cdb3155a72a0831139a79e5ecb5b"
            ],
            "markers": "python_version >= '3.6'",
            "version": "==8.0.3"
        },
        "click-default-group": {
            "hashes": [
                "sha256:d9560e8e8dfa44b3562fbc9425042a0fd6d21956fcc2db0077f63f34253ab904"
            ],
            "version": "==1.2.2"
        },
        "cloup": {
            "hashes": [
                "sha256:947c881ada77ea2f7b2876f7b5bb2fc7e5406daac5a045342acf8de35bcce5d7",
                "sha256:f26cc500dda4e4c9444ac1008b82376df8d72ecfa43a6310a9b3d54ef98add7b"
            ],
            "markers": "python_version >= '3.6'",
            "version": "==0.7.1"
        },
        "colorama": {
            "hashes": [
                "sha256:5941b2b48a20143d2267e95b1c2a7603ce057ee39fd88e7329b0c292aa16869b",
                "sha256:9f47eda37229f68eee03b24b9748937c7dc3868f906e8ba69fbcbdd3bc5dc3e2"
            ],
            "markers": "python_version >= '2.7' and python_version not in '3.0, 3.1, 3.2, 3.3, 3.4'",
            "version": "==0.4.4"
        },
        "colour": {
            "hashes": [
                "sha256:33f6db9d564fadc16e59921a56999b79571160ce09916303d35346dddc17978c",
                "sha256:af20120fefd2afede8b001fbef2ea9da70ad7d49fafdb6489025dae8745c3aee"
            ],
            "version": "==0.1.5"
        },
        "commonmark": {
            "hashes": [
                "sha256:452f9dc859be7f06631ddcb328b6919c67984aca654e5fefb3914d54691aed60",
                "sha256:da2f38c92590f83de410ba1a3cbceafbc74fee9def35f9251ba9a971d6d66fd9"
            ],
            "version": "==0.9.1"
        },
        "decorator": {
            "hashes": [
                "sha256:7b12e7c3c6ab203a29e157335e9122cb03de9ab7264b137594103fd4a683b374",
                "sha256:e59913af105b9860aa2c8d3272d9de5a56a4e608db9a2f167a8480b323d529a7"
            ],
            "markers": "python_version >= '3.5'",
            "version": "==5.1.0"
        },
        "glcontext": {
            "hashes": [
                "sha256:0be3e1cb47fe3a8f48b2e66cdcc2d330490990aba3913648c9d67d58c646765e",
                "sha256:0f99726238ac132cc1fd7b9a62e449c7914957f451e6aea1a54e24be8b1ce04a",
                "sha256:1ad78fce244afa860cb11c30c42fb710251035b2df4d84b0e72457128b7a830f",
                "sha256:1af3314f20c97fa2a8fc6d2b68d597463066416a7cc3c1ea4f05b4ecb0fc3e9c",
                "sha256:1ca421ca610b4c3da6e41be28585839af48fd961a0f2f4c8f3377a445e9b016a",
                "sha256:1ceb88d1cb22387af5a3d5e0223835ed0676da350774ba15ba68f6d815519f90",
                "sha256:247ac15cbef85befb8c3ddb62659cc36b26786f0cec609724b60419ffb0a423a",
                "sha256:25100ea7df50728937f96cb3cb6cba5ce42d674a0a6c2efae23198674212032a",
                "sha256:2d585a586cd5a401e9aeeca18c8d56a4b908cd5b365241ab6834e35f28f7dafb",
                "sha256:2f99c62f234f2859d626e1b24d7949d8d76a3a6fb7c2883b6f376e70586ce0ad",
                "sha256:3e1ef7e93a6a0f8b89a76fb41c58af4d9e69686504785883b628f0eeee29b153",
                "sha256:4290542e696ca6c52230521552ed26322d62eda935c43da01d9913af2e95165b",
                "sha256:448bafceaad2716a260fce53f171f168546691dddd18c1d4532c8d0e6f305a50",
                "sha256:537cd5113f7a5c17094dee50107587adeaea01d4854407bdab8e3bcd808e0bc6",
                "sha256:5e9289db306a4255328128cea0d250e078c9546678659499f5d1e819924e2225",
                "sha256:821f354c60ea82e73d3d5f788c22c31e60af578b0d4fd6aa9329a770ca966257",
                "sha256:8983f0eae99c4ec04ece197537d3914a2c9e21f074bd518f21ce3c4be6d300cb",
                "sha256:a27c5bbbe9d88ae547ddb89d3f55edec14b44126999d7f6214838240b1cb8c2a",
                "sha256:b7eecb1a1f689bcb3b77f8aed45e6b9139b3dec4fdeef894b6a7aa2b7c9b4312",
                "sha256:e1404b84e40daf7181168f4afa4f6ac5c4984e1f090fbd538da5b49046e4a078",
                "sha256:e558960888be5a4aa8e2f6f43b5320a227c8519bc3517bf7202cb40925114a6d",
                "sha256:e71121ac65a98808f9caaeaa3912756c07cd6cf73857a90b31170703103b644c"
            ],
            "version": "==2.3.4"
        },
        "idna": {
            "hashes": [
                "sha256:84d9dd047ffa80596e0f246e2eab0b391788b0503584e8945f2368256d2735ff",
                "sha256:9d643ff0a55b762d5cdb124b8eaa99c66322e2157b69160bc32796e824360e6d"
            ],
            "markers": "python_version >= '3'",
            "version": "==3.3"
        },
        "isosurfaces": {
            "hashes": [
                "sha256:a3421f7e7115f72f8f1af538ac4723e5570b1aaa0ddfc6a86520d2d781f3e91f",
                "sha256:fa1b44e5e59d2f429add49289ab89e36f8dcda49b7badd99e0beea273be331f4"
            ],
            "version": "==0.1.0"
        },
        "manim": {
            "hashes": [
                "sha256:9b8472f96c46cd838a013e960d12090adb649b93619d2e1e99aad348656c6d76",
                "sha256:b23a93154576b34cd50217e687897906a73557ff4721eff0a19ddc5bb8a4f15c"
            ],
            "index": "pypi",
            "version": "==0.12.0"
        },
        "manimpango": {
            "hashes": [
                "sha256:11d90de082fae9d3fd60eff22907b054819062cb383d1ec72a93af9cb79dd6da",
                "sha256:1d55e0f045e6cbd2ff9dce715ddec382661a49e80971961ed7b901cd37ac56df",
                "sha256:2777e3b1f2e1d9c65eb4c7ffa2de44d3c93624fe946599a3a0ea43ca211436ac",
                "sha256:42ac4cb0aed37d2dcd98c6e9ca9982d89ac5a1fda66b81a8f048c8a75417a03b",
                "sha256:4c18466650953282f71caefe9451aebb7c834209f3a75dc6aa99dc10f6360d47",
                "sha256:89656d49c46c292bde7ec66849296f915ef577c66ce729e1d8c72e065f1d69d4",
                "sha256:9c4ccdbd4f362874d9d175cfe436ff186057bb6f1fd8954fd5f61696596c760b",
                "sha256:a3a7e5a417507e9ccf307f6da40291a9fc2757a3c9a04de33dd18e92f63fcc25",
                "sha256:a9e0316ec1745db60d66cb542b4b5e41a750c6ba8f7d1d83b80de787e6c42b68",
                "sha256:b46d7569fbf24b6e81ad4cec835f5fa105fe9a442f476714d51c453f7be775a9",
                "sha256:ef3f275d7ef5a9cebc8795fb0fb1761839321909647fe8197914591998e85e3a",
                "sha256:f7d41464ffbf98c6dc31defe590d097ddce868c9ce0a8e3b77de8c9c71be57c0",
                "sha256:f8979a4497dca2db3ccd3a97abb103b79800129686d328d051f554dcb6469f73"
            ],
            "markers": "python_version >= '3.7'",
            "version": "==0.3.1"
        },
        "mapbox-earcut": {
            "hashes": [
                "sha256:0a31f96bc080e2f12fd39172baf891c5050bd56e2f60608d45139fd0ce489f08",
                "sha256:18cd01be27ec85357e2f9ea0bbe7ce2f71d593966568e5cf12a9b7e19bf0e8d1",
                "sha256:1fdbca4b14564e636e5ffb4c83f49c739bacf49ec590db9ca2c25e9642feb490",
                "sha256:2357cc3402173b9ba601fe1d2abf55a2fc80a969680981e51fce3bd7524aab6f",
                "sha256:2808757f8a95eb816d3ce225528c9cb15355afe175f3bcb6837eb7700972e0b9",
                "sha256:2eb7b64ee5b003a71fd1108894fd7a579c87919e7cf5da9f865d5e9694934cd5",
                "sha256:30c2d30a00ad28d03026dba76de870b2e66fe01a7b340f3cb459b65a4c902ee5",
                "sha256:3285f55acc7628cec1a61c551a7225b9c78c4f849c39417c768019b4408f8536",
                "sha256:421dbfc321871e66afe9264165848c0d13a37b27156f8a42a642bf5820bafdda",
                "sha256:4c4c55711d7877ea4d2f11d1422c46004121a2b1f4aab6c0b587eab2d87b3a6b",
                "sha256:4c7c297063c2cd3608d42b174303dfb32f3b9252cf115bed06eb3c64875d3458",
                "sha256:4ebf5f1b3cc7ec0f90eb4f9479b8013da46ece2cf69c887fdfdee6bec1169eb6",
                "sha256:4eff01f3dc0f62ad4ea38da0ef16a242d613aa4efa38eb924677d8427de2e20c",
                "sha256:64ca3752284345416834e591d9029d50dfa06661208f45d8b7e91f58e2610864",
                "sha256:6542cc54b330c876e62dad15e98dd4df18e2fd75ffb5b9c84d0629bd085ea123",
                "sha256:69da117d3716b5e1f052d7ffc93411a8651bb7c8a7cc41c4ed362e07a45eaae6",
                "sha256:6e01b9a9bc15d85e7dcbec52148e9851760a67e097eb63e4bc354e551ab4ae6d",
                "sha256:83d6a8fc39ef55ddb1f47bd49523b11e7cf9f07292356b93ad18c58473282fd4",
                "sha256:8a90b6773db060474bbc1062c972a18f9dc4ea6940a47fb39090e60f821a9239",
                "sha256:8faaa8239a6c6db67220a1908b232e0d673c4ba5d06e0943fce0e4d9908ca796",
                "sha256:96783c3f818f0844d9153a45312142b4e1bda9c284eb4828bba1a9e1fbeb268e",
                "sha256:a39a27a205189476e6404a855652c834a1cef087207131d3515aff7ac06b1a1f",
                "sha256:c9d8d4e61ad67ce5aeac7a948b4bb68bd2126d5fceccaaaf33a625b43225ba45",
                "sha256:cbcd8c2831a8ce848842b3e710e57db00cfdd3d7753cc67b1cc61d0c7dd91ca8",
                "sha256:cc3e8b1961f53f7bae3c6818ee7114ba0512aa3c0a8fb61818240ecd02fd22e4",
                "sha256:d26621f4ca8eff937d4539d5d0e59142fd6466ea161791640ea17547394ffc18",
                "sha256:d438ef905fb3ec6cb1378c5b169888e0f36a7786354a9a2ae8b8d5e75fe5beee",
                "sha256:d90adb110d45198dcfc2b546648bd23b98737a38c6f0dea0e5949aeae3fca3dd",
                "sha256:dc4c69b2953b1267804f34044c483420f902514ab3cdf02fe454b4fd7192e6a2",
                "sha256:f69ac829ce208bcf85d47e0bf6409b79fc81ae7ca390de3ce2c4e971693328d8"
            ],
            "version": "==0.12.11"
        },
        "moderngl": {
            "hashes": [
                "sha256:01c71d94dbd59b5d37ead463991e2998c0924426cffa393b9da2b8334551c998",
                "sha256:1bd864b5cc2fc1255785e33575cec98fa5ded698503c4f8f3fa9230abeaa3a04",
                "sha256:1c74b71c9acee9f0e69807a086d76e92f37c1960c3bb1d6a6e2472fd03f7be5b",
                "sha256:1f9ed0bc0d706124a01be2ad59b5774bb3b023e61dcf39faf7c4c7ef4b9f4f75",
                "sha256:28b517fc56c9ab9eb1f5833f7d7b1274d3719b962f95f55ccd8a0f6db884a92b",
                "sha256:331fd4bce60b10a08eed81a3ed4c70b7c297c38f981fdf3968d03a1c892af247",
                "sha256:3eb65afc8ec4a1d4a4c48696fb0f4f6cf7a7ada6bef97818d717dbca73c57b11",
                "sha256:3fb139bcdd25eae2c546e5788e9d8719f6c4b18a2ba68a9df31699b4ac57d62d",
                "sha256:40f74a2246e5302f93f2d46f76c0d2a26cbed1eb29731674c4052476f1e9c9ea",
                "sha256:4fd721eb83e73d34c3f7b5a11aec656fef461b51bbe7503b07ea27370c593cbd",
                "sha256:52ee915a559762f0e992344961b35e0d241be32f8aa7464494e958f777e0534c",
                "sha256:5e158e6881034c7e1d0c583d7c82ff608439606f2359dc6098e4be4fd93cef9d",
                "sha256:792ffe1ec233ed5fcfb0c14955a7f944d64c0d49713ff8b9c5fa3176d96f05c3",
                "sha256:8c6d04559f5e3bf75a18525cd46d213c0f3a8409363718978e6de691bdb551fb",
                "sha256:90006d9dfd5333da604a7d26b2a5e70e1a570f291cd745b8bf80e4833d8821b6",
                "sha256:a28dc741469eeb69549ee85b4ddbf8e9cfca6a2b19ce0406df9fde20f78082c8",
                "sha256:af44437545380a840dafd09658eb56592831dbd4fb481d320249d0d42c591bae",
                "sha256:b22534529f5bc52c1fe43336787c06d51123ae978fb56e74e47cabd85056c934",
                "sha256:b5023633bcbfbab90be6a6f4edcde75f9c1e244d9acbda94678f3e3fb238b363",
                "sha256:bc3764d67f037b67051871345a1d0b7a3d2c19cb5c0c0af0a84c532e802d6642",
                "sha256:c350e06affea9fabc636b2350cf6e58d83ee2e7264527eee0f5d142c167f5463",
                "sha256:ce87962b91635d857cac4a753c5d5f647d94dc66dcb0f090bb8d758fd226c3e8",
                "sha256:d2ec6ecd845f21ba44a08c11521cb71f2a9c2ea2ec189b7ed30d17837d392d70",
                "sha256:ee5b1eced39d7f6dc68782c2abf01c1130a40b6d83d333d175ee71adbea7c721",
                "sha256:f83f6ab1fafdba2d9c06a7a1c8a4e460689ea1d514146606acc74f14e0831d93",
                "sha256:fc5cc1601a3df8f45f1901c6b9960731e0619d1781b0d036e12341fbf2ef55d3",
                "sha256:ffc48fc4deeb525ed33a828d13ca4c12c5af8e5cb0449011f1802e18b5fc3c25"
            ],
            "version": "==5.6.4"
        },
        "moderngl-window": {
            "hashes": [
                "sha256:20ab97473892a2b3de57b5bf9f44ba2f018ac87d68d219beab38f16526ea4d4f",
                "sha256:2f13016db52001351ac785fabaf637af9313ae5cc4549aa3b9c2f034a5494008"
            ],
            "markers": "python_version >= '3.6'",
            "version": "==2.4.0"
        },
        "multipledispatch": {
            "hashes": [
                "sha256:407e6d8c5fa27075968ba07c4db3ef5f02bea4e871e959570eeb69ee39a6565b",
                "sha256:a55c512128fb3f7c2efd2533f2550accb93c35f1045242ef74645fc92a2c3cba",
                "sha256:a7ab1451fd0bf9b92cab3edbd7b205622fb767aeefb4fb536c2e3de9e0a38bea"
            ],
            "version": "==0.6.0"
        },
        "networkx": {
            "hashes": [
                "sha256:80b6b89c77d1dfb64a4c7854981b60aeea6360ac02c6d4e4913319e0a313abef",
                "sha256:c0946ed31d71f1b732b5aaa6da5a0388a345019af232ce2f49c766e2d6795c51"
            ],
            "markers": "python_version >= '3.7'",
            "version": "==2.6.3"
        },
        "numpy": {
            "hashes": [
                "sha256:0b78ecfa070460104934e2caf51694ccd00f37d5e5dbe76f021b1b0b0d221823",
                "sha256:1247ef28387b7bb7f21caf2dbe4767f4f4175df44d30604d42ad9bd701ebb31f",
                "sha256:1403b4e2181fc72664737d848b60e65150f272fe5a1c1cbc16145ed43884065a",
                "sha256:170b2a0805c6891ca78c1d96ee72e4c3ed1ae0a992c75444b6ab20ff038ba2cd",
                "sha256:2e4ed57f45f0aa38beca2a03b6532e70e548faf2debbeb3291cfc9b315d9be8f",
                "sha256:32fe5b12061f6446adcbb32cf4060a14741f9c21e15aaee59a207b6ce6423469",
                "sha256:34f3456f530ae8b44231c63082c8899fe9c983fd9b108c997c4b1c8c2d435333",
                "sha256:4c9c23158b87ed0e70d9a50c67e5c0b3f75bcf2581a8e34668d4e9d7474d76c6",
                "sha256:5d95668e727c75b3f5088ec7700e260f90ec83f488e4c0aaccb941148b2cd377",
                "sha256:615d4e328af7204c13ae3d4df7615a13ff60a49cb0d9106fde07f541207883ca",
                "sha256:69077388c5a4b997442b843dbdc3a85b420fb693ec8e33020bb24d647c164fa5",
                "sha256:74b85a17528ca60cf98381a5e779fc0264b4a88b46025e6bcbe9621f46bb3e63",
                "sha256:81225e58ef5fce7f1d80399575576fc5febec79a8a2742e8ef86d7b03beef49f",
                "sha256:8890b3360f345e8360133bc078d2dacc2843b6ee6059b568781b15b97acbe39f",
                "sha256:92aafa03da8658609f59f18722b88f0a73a249101169e28415b4fa148caf7e41",
                "sha256:9864424631775b0c052f3bd98bc2712d131b3e2cd95d1c0c68b91709170890b0",
                "sha256:9e6f5f50d1eff2f2f752b3089a118aee1ea0da63d56c44f3865681009b0af162",
                "sha256:a3deb31bc84f2b42584b8c4001c85d1934dbfb4030827110bc36bfd11509b7bf",
                "sha256:ad010846cdffe7ec27e3f933397f8a8d6c801a48634f419e3d075db27acf5880",
                "sha256:b1e2312f5b8843a3e4e8224b2b48fe16119617b8fc0a54df8f50098721b5bed2",
                "sha256:bc988afcea53e6156546e5b2885b7efab089570783d9d82caf1cfd323b0bb3dd",
                "sha256:c449eb870616a7b62e097982c622d2577b3dbc800aaf8689254ec6e0197cbf1e",
                "sha256:c74c699b122918a6c4611285cc2cad4a3aafdb135c22a16ec483340ef97d573c",
                "sha256:c885bfc07f77e8fee3dc879152ba993732601f1f11de248d4f357f0ffea6a6d4",
                "sha256:e3c3e990274444031482a31280bf48674441e0a5b55ddb168f3a6db3e0c38ec8",
                "sha256:e4799be6a2d7d3c33699a6f77201836ac975b2e1b98c2a07f66a38f499cb50ce",
                "sha256:e6c76a87633aa3fa16614b61ccedfae45b91df2767cf097aa9c933932a7ed1e0",
                "sha256:e89717274b41ebd568cd7943fc9418eeb49b1785b66031bc8a7f6300463c5898",
                "sha256:f5162ec777ba7138906c9c274353ece5603646c6965570d82905546579573f73",
                "sha256:fde96af889262e85aa033f8ee1d3241e32bf36228318a61f1ace579df4e8170d"
            ],
            "markers": "python_version < '3.11' and python_version >= '3.7'",
            "version": "==1.21.4"
        },
        "pillow": {
            "hashes": [
                "sha256:066f3999cb3b070a95c3652712cffa1a748cd02d60ad7b4e485c3748a04d9d76",
                "sha256:0a0956fdc5defc34462bb1c765ee88d933239f9a94bc37d132004775241a7585",
                "sha256:0b052a619a8bfcf26bd8b3f48f45283f9e977890263e4571f2393ed8898d331b",
                "sha256:1394a6ad5abc838c5cd8a92c5a07535648cdf6d09e8e2d6df916dfa9ea86ead8",
                "sha256:1bc723b434fbc4ab50bb68e11e93ce5fb69866ad621e3c2c9bdb0cd70e345f55",
                "sha256:244cf3b97802c34c41905d22810846802a3329ddcb93ccc432870243211c79fc",
                "sha256:25a49dc2e2f74e65efaa32b153527fc5ac98508d502fa46e74fa4fd678ed6645",
                "sha256:2e4440b8f00f504ee4b53fe30f4e381aae30b0568193be305256b1462216feff",
                "sha256:3862b7256046fcd950618ed22d1d60b842e3a40a48236a5498746f21189afbbc",
                "sha256:3eb1ce5f65908556c2d8685a8f0a6e989d887ec4057326f6c22b24e8a172c66b",
                "sha256:3f97cfb1e5a392d75dd8b9fd274d205404729923840ca94ca45a0af57e13dbe6",
                "sha256:493cb4e415f44cd601fcec11c99836f707bb714ab03f5ed46ac25713baf0ff20",
                "sha256:4acc0985ddf39d1bc969a9220b51d94ed51695d455c228d8ac29fcdb25810e6e",
                "sha256:5503c86916d27c2e101b7f71c2ae2cddba01a2cf55b8395b0255fd33fa4d1f1a",
                "sha256:5b7bb9de00197fb4261825c15551adf7605cf14a80badf1761d61e59da347779",
                "sha256:5e9ac5f66616b87d4da618a20ab0a38324dbe88d8a39b55be8964eb520021e02",
                "sha256:620582db2a85b2df5f8a82ddeb52116560d7e5e6b055095f04ad828d1b0baa39",
                "sha256:62cc1afda735a8d109007164714e73771b499768b9bb5afcbbee9d0ff374b43f",
                "sha256:70ad9e5c6cb9b8487280a02c0ad8a51581dcbbe8484ce058477692a27c151c0a",
                "sha256:72b9e656e340447f827885b8d7a15fc8c4e68d410dc2297ef6787eec0f0ea409",
                "sha256:72cbcfd54df6caf85cc35264c77ede902452d6df41166010262374155947460c",
                "sha256:792e5c12376594bfcb986ebf3855aa4b7c225754e9a9521298e460e92fb4a488",
                "sha256:7b7017b61bbcdd7f6363aeceb881e23c46583739cb69a3ab39cb384f6ec82e5b",
                "sha256:81f8d5c81e483a9442d72d182e1fb6dcb9723f289a57e8030811bac9ea3fef8d",
                "sha256:82aafa8d5eb68c8463b6e9baeb4f19043bb31fefc03eb7b216b51e6a9981ae09",
                "sha256:84c471a734240653a0ec91dec0996696eea227eafe72a33bd06c92697728046b",
                "sha256:8c803ac3c28bbc53763e6825746f05cc407b20e4a69d0122e526a582e3b5e153",
                "sha256:93ce9e955cc95959df98505e4608ad98281fff037350d8c2671c9aa86bcf10a9",
                "sha256:9a3e5ddc44c14042f0844b8cf7d2cd455f6cc80fd7f5eefbe657292cf601d9ad",
                "sha256:a4901622493f88b1a29bd30ec1a2f683782e57c3c16a2dbc7f2595ba01f639df",
                "sha256:a5a4532a12314149d8b4e4ad8ff09dde7427731fcfa5917ff16d0291f13609df",
                "sha256:b8831cb7332eda5dc89b21a7bce7ef6ad305548820595033a4b03cf3091235ed",
                "sha256:b8e2f83c56e141920c39464b852de3719dfbfb6e3c99a2d8da0edf4fb33176ed",
                "sha256:c70e94281588ef053ae8998039610dbd71bc509e4acbc77ab59d7d2937b10698",
                "sha256:c8a17b5d948f4ceeceb66384727dde11b240736fddeda54ca740b9b8b1556b29",
                "sha256:d82cdb63100ef5eedb8391732375e6d05993b765f72cb34311fab92103314649",
                "sha256:d89363f02658e253dbd171f7c3716a5d340a24ee82d38aab9183f7fdf0cdca49",
                "sha256:d99ec152570e4196772e7a8e4ba5320d2d27bf22fdf11743dd882936ed64305b",
                "sha256:ddc4d832a0f0b4c52fff973a0d44b6c99839a9d016fe4e6a1cb8f3eea96479c2",
                "sha256:e3dacecfbeec9a33e932f00c6cd7996e62f53ad46fbe677577394aaa90ee419a",
                "sha256:eb9fc393f3c61f9054e1ed26e6fe912c7321af2f41ff49d3f83d05bacf22cc78"
            ],
            "markers": "python_version >= '3.6'",
            "version": "==8.4.0"
        },
        "pycairo": {
            "hashes": [
                "sha256:0d7a6754d410d911a46f00396bee4be96500ccd3d178e7e98aef1140e3dd67ae",
                "sha256:1ee72b035b21a475e1ed648e26541b04e5d7e753d75ca79de8c583b25785531b",
                "sha256:261c69850d4b2ec03346c9745bad2a835bb8124e4c6961b8ceac503d744eb3b3",
                "sha256:5525da2d8de912750dd157752aa96f1f0a42a437c5625e85b14c936b5c6305ae",
                "sha256:6db823a18e7be1eb2a29c28961f2f01e84d3b449f06be7338d05ac8f90592cd5",
                "sha256:736ffc618e851601e861a630293e5c910ef016b83b2d035a336f83a367bf56ab",
                "sha256:9a32e4a3574a104aa876c35d5e71485dfd6986b18d045534c6ec510c44d5d6a7",
                "sha256:b605151cdd23cedb31855b8666371b6e26b80f02753a52c8b8023a916b1df812",
                "sha256:c8c2bb933974d91c5d19e54b846d964de177e7bf33433bf34ac34c85f9b30e94",
                "sha256:e800486b51fffeb11ed867b4f2220d446e2a60a81a73b7c377123e0cbb72f49d",
                "sha256:f123d3818e30b77b7209d70a6dcfd5b4e34885f9fa539d92dd7ff3e4e2037213"
            ],
            "markers": "python_version >= '3.6' and python_version < '4'",
            "version": "==1.20.1"
        },
        "pydub": {
            "hashes": [
                "sha256:65617e33033874b59d87db603aa1ed450633288aefead953b30bded59cb599a6",
                "sha256:980a33ce9949cab2a569606b65674d748ecbca4f0796887fd6f46173a7b0d30f"
            ],
            "version": "==0.25.1"
        },
        "pyglet": {
            "hashes": [
                "sha256:11f11ddda4ee456284f2ddd1fe5c62fe29ba8c42074d3d9ae52d094abc2e1b7c",
                "sha256:5aaaddb06dc4b6f9ba08254d8d806a2bd2406925a9caf3a51fdffbd5d09728e2"
            ],
            "version": "==1.5.21"
        },
        "pygments": {
            "hashes": [
                "sha256:b8e67fe6af78f492b3c4b3e2970c0624cbf08beb1e493b2c99b9fa1b67a20380",
                "sha256:f398865f7eb6874156579fdf36bc840a03cab64d1cde9e93d68f46a425ec52c6"
            ],
            "markers": "python_version >= '3.5'",
            "version": "==2.10.0"
        },
        "pyrr": {
            "hashes": [
                "sha256:3c0f7b20326e71f706a610d58f2190fff73af01eef60c19cb188b186f0ec7e1d",
                "sha256:d8af23fb9bb29262405845e1c98f7339fbba5e49323b98528bd01160a75c65ac"
            ],
            "version": "==0.10.3"
        },
        "requests": {
            "hashes": [
                "sha256:6c1246513ecd5ecd4528a0906f910e8f0f9c6b8ec72030dc9fd154dc1a6efd24",
                "sha256:b8aa58f8cf793ffd8782d3d8cb19e66ef36f7aba4353eec859e74678b01b07a7"
            ],
            "markers": "python_version >= '2.7' and python_version not in '3.0, 3.1, 3.2, 3.3, 3.4, 3.5'",
            "version": "==2.26.0"
        },
        "rich": {
            "hashes": [
                "sha256:83fb3eff778beec3c55201455c17cccde1ccdf66d5b4dade8ef28f56b50c4bd4",
                "sha256:c30d6808d1cd3defd56a7bd2d587d13e53b5f55de6cf587f035bcbb56bc3f37b"
            ],
            "markers": "python_version < '4' and python_full_version >= '3.6.2'",
            "version": "==10.12.0"
        },
        "scipy": {
            "hashes": [
                "sha256:1437073f1d4664990879aa8f9547524764372e0fef84a077be4b19e82bba7a8d",
                "sha256:17fd991a275e4283453f89d404209aa92059ac68d76d804b4bc1716a3742e1b5",
                "sha256:1ea6233f5a365cb7945b4304bd06323ece3ece85d6a3fa8598d2f53e513467c9",
                "sha256:2d25272c03ee3c0fe5e0dff1bb7889280bb6c9e1766fa9c7bde81ad8a5f78694",
                "sha256:30bdda199667e74b50208a793eb1ba47a04e5e3fa16f5ff06c6f7969ae78e4da",
                "sha256:359b60a0cccd17723b9d5e329a5212a710e771a3ddde800e472fb93732756c46",
                "sha256:39f838ea5ce8da868785193d88d05cf5a6d5c390804ec99de29a28e1dcdd53e6",
                "sha256:4d175ba93e00d8eef8f7cd70d4d88a9106a86800c82ea03cf2268c36d6545483",
                "sha256:5273d832fb9cd5724ee0d335c16a903b923441107dd973d27fc4293075a9f4e3",
                "sha256:54951f51d731c832b1b8885e0a92e89f33d087de7e40d02078bf0d49c7cbdbb5",
                "sha256:74f518ce542533054695f743e4271cb8986b63f95bb51d70fcee4f3929cbff7d",
                "sha256:7b1d0f5f524518f1a86f288443528e4ff4a739c0966db663af4129b7ac7849f8",
                "sha256:82c5befebf54d799d77e5f0205c03030f57f69ba2541baa44d2e6ad138c28cd3",
                "sha256:8482c8e45857ab0a5446eb7460d2307a27cbbe659d6d2257820c6d6eb950fd0f",
                "sha256:87cf3964db0f1cce17aeed5bfc1b89a6b4b07dbfc48e50d21fa3549e00456803",
                "sha256:8b5726a0fedeaa6beb1095e4466998bdd1d1e960b28db9b5a16c89cbd7b2ebf1",
                "sha256:97eb573e361a73a553b915dc195c6f72a08249964b1a33f157f9659f3b6210d1",
                "sha256:a80eb01c43fd98257ec7a49ff5cec0edba32031b5f86503f55399a48cb2c5379",
                "sha256:cac71d5476a6f56b50459da21f6221707e0051ebd428b2137db32ef4a43bb15e",
                "sha256:d86abd1ddf421dea5e9cebfeb4de0d205b3dc04e78249afedba9c6c3b2227ff2",
                "sha256:e08b81fcd9bf98740b58dc6fdd7879e33a64dcb682201c1135f7d4a75216bb05",
                "sha256:e3efe7ef75dfe627b354ab0af0dbc918eadee97cc80ff1aabea6d3e01114ebdd",
                "sha256:fa2dbabaaecdb502641b0b3c00dec05fb475ae48655c66da16c9ed24eda1e711"
            ],
            "markers": "python_version < '3.11' and python_version >= '3.7'",
            "version": "==1.7.2"
        },
        "screeninfo": {
            "hashes": [
                "sha256:1c4bac1ca329da3f68cbc4d2fbc92256aa9bb8ff8583ee3e14f91f0a7baa69cb"
            ],
            "version": "==0.6.7"
        },
        "six": {
            "hashes": [
                "sha256:1e61c37477a1626458e36f7b1d82aa5c9b094fa4802892072e49de9c60c4c926",
                "sha256:8abb2f1d86890a2dfb989f9a77cfcfd3e47c2a354b01111771326f8aa26e0254"
            ],
            "markers": "python_version >= '2.7' and python_version not in '3.0, 3.1, 3.2, 3.3'",
            "version": "==1.16.0"
        },
        "skia-pathops": {
            "hashes": [
                "sha256:013d0106882c2fb1d9b1eeb3ee91d26233e812a82767f4d91e51aed807be8803",
                "sha256:0aea33ed0010aef6ae58428252d0ec839a54b3dc4e41e6eeeba7033e4adc01b8",
                "sha256:0bc0522074b32d4fa06858bde08133ef73aa9bd4f8caa19d8247f910355464c3",
                "sha256:16883925bc706836c8467fcdce6b2ba12c982865cc3e0f73566f94fb8ad8690e",
                "sha256:17c223c570d8bc7b8ca15ba9df158c64509f9e239cf9c00b2b13273a578a68e3",
                "sha256:30ab8db05c1df3d7c88a7cd2dd0083c294ff91dc797ffae18709e41587a3550d",
                "sha256:347e2db4646162fe77ea8f9cce16d8e6cd6280dc9ccf48d9297210b62b5d7bdc",
                "sha256:455744d3ad63859eb844684c88bbe682febc9ee5d0dad2f01c63177f41d2cade",
                "sha256:5877f97abcc0a837a43f69fbc963f2490c88ec316977813625f3f9a334f64a41",
                "sha256:615163f6a35f4c79f6fd109128f679fa64aa52569209a8671eb2dcef7c578fdc",
                "sha256:680bfbaf386c077bf37ee4b3b2bc8d4706f8dae7813ddbe4eef14c4870342ca4",
                "sha256:87fb3dee21b5d4cf8bb21840d9e09e0b0cc6d81a1bd1d4bde091d0dc00a80de7",
                "sha256:8dac7676629c039ab534fbf5f1953b7dcadc52e46d2b160e7e36a1d2d038cb0a",
                "sha256:965ae4a15e008cb750102f993b9d3aea6d619dbce6794629a15a4164c34ad490",
                "sha256:a13b5b073dd931c1ba4684d5e684f32dd67c089c34c65cbc083ada31843f55f1",
                "sha256:a1fc153410db8486afe984d2b56f9ef00727e03a839c7f6d7812982505ecc0f0",
                "sha256:a97e7e6139d262448e0b2bdf617410ae68736ee4eefeac1361e087579018a400",
                "sha256:ab2a1300c46ce820d795f229c62ff305cd390ee1d91d03099ae153f55236b3f1",
                "sha256:ab857d8bc1aa19bde07085c75aed04139b90894225fb51c14cf7e3125ea9e65d",
                "sha256:c1c392fbc711f140098e4b21620de24d889298ce83e024dd16fcedb59b53d014",
                "sha256:cb9765373b6e72c7606270c48a2d102aec1061b019756f873a4c16179fc3fbfb",
                "sha256:f2da9322c516f39692f20eb17c77a47b7e71a33c451ede591f251f64db941be4",
                "sha256:f8ac280399f613feda6ed2dd08e53f61140ba1ccbed52d312eeea1a80c20b421",
                "sha256:fa1ee26203ed4b73e123d8124bbbf138f0a8f47446423f8f41c1dcdb5583ab94",
                "sha256:fe2a4cfefcb78728c85ba09973a4be033102bbbad79af9fbcf955c2bab6474a2"
            ],
            "markers": "python_version >= '3.6'",
            "version": "==0.7.1"
        },
        "tqdm": {
            "hashes": [
                "sha256:8dd278a422499cd6b727e6ae4061c40b48fce8b76d1ccbf5d34fca9b7f925b0c",
                "sha256:d359de7217506c9851b7869f3708d8ee53ed70a1b8edbba4dbcb47442592920d"
            ],
            "markers": "python_version >= '2.7' and python_version not in '3.0, 3.1, 3.2, 3.3'",
            "version": "==4.62.3"
        },
        "urllib3": {
            "hashes": [
                "sha256:4987c65554f7a2dbf30c18fd48778ef124af6fab771a377103da0585e2336ece",
                "sha256:c4fdf4019605b6e5423637e01bc9fe4daef873709a7973e195ceba0a62bbc844"
            ],
            "markers": "python_version >= '2.7' and python_version not in '3.0, 3.1, 3.2, 3.3, 3.4' and python_version < '4'",
            "version": "==1.26.7"
        },
        "watchdog": {
            "hashes": [
                "sha256:25fb5240b195d17de949588628fdf93032ebf163524ef08933db0ea1f99bd685",
                "sha256:3386b367e950a11b0568062b70cc026c6f645428a698d33d39e013aaeda4cc04",
                "sha256:3becdb380d8916c873ad512f1701f8a92ce79ec6978ffde92919fd18d41da7fb",
                "sha256:4ae38bf8ba6f39d5b83f78661273216e7db5b00f08be7592062cb1fc8b8ba542",
                "sha256:8047da932432aa32c515ec1447ea79ce578d0559362ca3605f8e9568f844e3c6",
                "sha256:8f1c00aa35f504197561060ca4c21d3cc079ba29cf6dd2fe61024c70160c990b",
                "sha256:922a69fa533cb0c793b483becaaa0845f655151e7256ec73630a1b2e9ebcb660",
                "sha256:9693f35162dc6208d10b10ddf0458cc09ad70c30ba689d9206e02cd836ce28a3",
                "sha256:a0f1c7edf116a12f7245be06120b1852275f9506a7d90227648b250755a03923",
                "sha256:a36e75df6c767cbf46f61a91c70b3ba71811dfa0aca4a324d9407a06a8b7a2e7",
                "sha256:aba5c812f8ee8a3ff3be51887ca2d55fb8e268439ed44110d3846e4229eb0e8b",
                "sha256:ad6f1796e37db2223d2a3f302f586f74c72c630b48a9872c1e7ae8e92e0ab669",
                "sha256:ae67501c95606072aafa865b6ed47343ac6484472a2f95490ba151f6347acfc2",
                "sha256:b2fcf9402fde2672545b139694284dc3b665fd1be660d73eca6805197ef776a3",
                "sha256:b52b88021b9541a60531142b0a451baca08d28b74a723d0c99b13c8c8d48d604",
                "sha256:b7d336912853d7b77f9b2c24eeed6a5065d0a0cc0d3b6a5a45ad6d1d05fb8cd8",
                "sha256:bd9ba4f332cf57b2c1f698be0728c020399ef3040577cde2939f2e045b39c1e5",
                "sha256:be9be735f827820a06340dff2ddea1fb7234561fa5e6300a62fe7f54d40546a0",
                "sha256:cca7741c0fcc765568350cb139e92b7f9f3c9a08c4f32591d18ab0a6ac9e71b6",
                "sha256:d0d19fb2441947b58fbf91336638c2b9f4cc98e05e1045404d7a4cb7cddc7a65",
                "sha256:e02794ac791662a5eafc6ffeaf9bcc149035a0e48eb0a9d40a8feb4622605a3d",
                "sha256:e0f30db709c939cabf64a6dc5babb276e6d823fd84464ab916f9b9ba5623ca15",
                "sha256:e92c2d33858c8f560671b448205a268096e17870dcf60a9bb3ac7bfbafb7f5f9"
            ],
            "markers": "python_version >= '3.6'",
            "version": "==2.1.6"
        }
    },
    "develop": {
        "autopep8": {
            "hashes": [
                "sha256:44f0932855039d2c15c4510d6df665e4730f2b8582704fa48f9c55bd3e17d979",
                "sha256:ed77137193bbac52d029a52c59bec1b0629b5a186c495f1eb21b126ac466083f"
            ],
            "index": "pypi",
            "version": "==1.6.0"
        },
        "pycodestyle": {
            "hashes": [
                "sha256:720f8b39dde8b293825e7ff02c475f3077124006db4f440dcbc9a20b76548a20",
                "sha256:eddd5847ef438ea1c7870ca7eb78a9d47ce0cdb4851a5523949f2601d0cbbe7f"
            ],
            "markers": "python_version >= '2.7' and python_version not in '3.0, 3.1, 3.2, 3.3, 3.4'",
            "version": "==2.8.0"
        },
        "toml": {
            "hashes": [
                "sha256:806143ae5bfb6a3c6e736a764057db0e6a0e05e338b5630894a5f779cabb4f9b",
                "sha256:b3bda1d108d5dd99f4a20d24d9c348e91c4db7ab1b749200bded2f839ccbe68f"
            ],
            "markers": "python_version >= '2.6' and python_version not in '3.0, 3.1, 3.2, 3.3'",
            "version": "==0.10.2"
        }
    }
}
